// !$*UTF8*$!
{
	archiveVersion = 1;
	classes = {
	};
	objectVersion = 56;
	objects = {

/* Begin PBXBuildFile section */
		6E3E1BD72A63D31400D10C76 /* AuthenticationView.swift in Sources */ = {isa = PBXBuildFile; fileRef = 6E3E1BD62A63D31400D10C76 /* AuthenticationView.swift */; };
		6E3E1BD92A63D3A100D10C76 /* AuthenticationService.swift in Sources */ = {isa = PBXBuildFile; fileRef = 6E3E1BD82A63D3A100D10C76 /* AuthenticationService.swift */; };
		6E3E1BDB2A63D3DC00D10C76 /* AuthenticationViewModel.swift in Sources */ = {isa = PBXBuildFile; fileRef = 6E3E1BDA2A63D3DC00D10C76 /* AuthenticationViewModel.swift */; };
		6E3E1BDF2A63DB9500D10C76 /* SignInGoogleHelper.swift in Sources */ = {isa = PBXBuildFile; fileRef = 6E3E1BDE2A63DB9500D10C76 /* SignInGoogleHelper.swift */; };
		6E3E1BE12A6478CC00D10C76 /* FriendsListViewModel.swift in Sources */ = {isa = PBXBuildFile; fileRef = 6E3E1BE02A6478CC00D10C76 /* FriendsListViewModel.swift */; };
		6E3E1BE32A64796C00D10C76 /* FriendsRepository.swift in Sources */ = {isa = PBXBuildFile; fileRef = 6E3E1BE22A64796C00D10C76 /* FriendsRepository.swift */; };
		6E6613A52A67117F00D7D994 /* UserSearchInfoRowView.swift in Sources */ = {isa = PBXBuildFile; fileRef = 6E6613A42A67117F00D7D994 /* UserSearchInfoRowView.swift */; };
		6E6613A72A671E7000D7D994 /* FriendHabitsInfoRowView.swift in Sources */ = {isa = PBXBuildFile; fileRef = 6E6613A62A671E7000D7D994 /* FriendHabitsInfoRowView.swift */; };
		6E6613AE2A680BDA00D7D994 /* Arc.swift in Sources */ = {isa = PBXBuildFile; fileRef = 6E6613AD2A680BDA00D7D994 /* Arc.swift */; };
		6E6613B02A680F0900D7D994 /* HabitsCompletionStatusArc.swift in Sources */ = {isa = PBXBuildFile; fileRef = 6E6613AF2A680F0900D7D994 /* HabitsCompletionStatusArc.swift */; };
		6E6613B32A682ACA00D7D994 /* ConfettiSwiftUI in Frameworks */ = {isa = PBXBuildFile; productRef = 6E6613B22A682ACA00D7D994 /* ConfettiSwiftUI */; };
		6E6613B52A683BDB00D7D994 /* FriendHabitsListView.swift in Sources */ = {isa = PBXBuildFile; fileRef = 6E6613B42A683BDB00D7D994 /* FriendHabitsListView.swift */; };
		6E6613B72A683E7100D7D994 /* FriendHabitsListViewModel.swift in Sources */ = {isa = PBXBuildFile; fileRef = 6E6613B62A683E7100D7D994 /* FriendHabitsListViewModel.swift */; };
		6E8697302A652B8700AFE09B /* +Sequence.swift in Sources */ = {isa = PBXBuildFile; fileRef = 6E86972F2A652B8700AFE09B /* +Sequence.swift */; };
		6E8697322A66DE3100AFE09B /* DbFriendList.swift in Sources */ = {isa = PBXBuildFile; fileRef = 6E8697312A66DE3100AFE09B /* DbFriendList.swift */; };
		6E8697352A67051500AFE09B /* NewFriendSearchView.swift in Sources */ = {isa = PBXBuildFile; fileRef = 6E8697342A67051500AFE09B /* NewFriendSearchView.swift */; };
		6E8697372A67052900AFE09B /* NewFriendSearchViewModel.swift in Sources */ = {isa = PBXBuildFile; fileRef = 6E8697362A67052900AFE09B /* NewFriendSearchViewModel.swift */; };
		6E88756F2A695EC000BE4A69 /* UserProfileView.swift in Sources */ = {isa = PBXBuildFile; fileRef = 6E88756E2A695EC000BE4A69 /* UserProfileView.swift */; };
		6E8875712A69A74900BE4A69 /* +Color.swift in Sources */ = {isa = PBXBuildFile; fileRef = 6E8875702A69A74900BE4A69 /* +Color.swift */; };
		6E8A27132A6FBC5700573A49 /* WidgetKit.framework in Frameworks */ = {isa = PBXBuildFile; fileRef = 6E8875782A6BCDB900BE4A69 /* WidgetKit.framework */; };
		6E8A27142A6FBC5700573A49 /* SwiftUI.framework in Frameworks */ = {isa = PBXBuildFile; fileRef = 6E88757A2A6BCDB900BE4A69 /* SwiftUI.framework */; };
		6E8A27172A6FBC5700573A49 /* HabitPalsWidgetBundle.swift in Sources */ = {isa = PBXBuildFile; fileRef = 6E8A27162A6FBC5700573A49 /* HabitPalsWidgetBundle.swift */; };
		6E8A27192A6FBC5700573A49 /* HabitPalsDailyProgressWidget.swift in Sources */ = {isa = PBXBuildFile; fileRef = 6E8A27182A6FBC5700573A49 /* HabitPalsDailyProgressWidget.swift */; };
		6E8A271D2A6FBC5900573A49 /* Assets.xcassets in Resources */ = {isa = PBXBuildFile; fileRef = 6E8A271C2A6FBC5900573A49 /* Assets.xcassets */; };
		6E8A27212A6FBC5900573A49 /* HabitPalsWidgetExtension.appex in Embed Foundation Extensions */ = {isa = PBXBuildFile; fileRef = 6E8A27122A6FBC5700573A49 /* HabitPalsWidgetExtension.appex */; settings = {ATTRIBUTES = (RemoveHeadersOnCopy, ); }; };
		6E8A27442A6FBE2200573A49 /* DailyProgressConfigurationAppIntent.swift in Sources */ = {isa = PBXBuildFile; fileRef = 6E8A27412A6FBE2200573A49 /* DailyProgressConfigurationAppIntent.swift */; };
		6E8A27452A6FBE2200573A49 /* CompleteHabitIntent.swift in Sources */ = {isa = PBXBuildFile; fileRef = 6E8A27422A6FBE2200573A49 /* CompleteHabitIntent.swift */; };
		6E8A27472A6FBE3C00573A49 /* Habit.swift in Sources */ = {isa = PBXBuildFile; fileRef = 6E8B53462A62A59A00E9569D /* Habit.swift */; };
		6E8A27482A6FBE4500573A49 /* HabitRepository.swift in Sources */ = {isa = PBXBuildFile; fileRef = 6E8B532E2A62A52300E9569D /* HabitRepository.swift */; };
		6E8A27492A6FBE4B00573A49 /* GoogleService-Info.plist in Resources */ = {isa = PBXBuildFile; fileRef = 6E8B53652A62A65000E9569D /* GoogleService-Info.plist */; };
		6E8A274B2A6FBEED00573A49 /* FirebaseFirestore in Frameworks */ = {isa = PBXBuildFile; productRef = 6E8A274A2A6FBEED00573A49 /* FirebaseFirestore */; };
		6E8A274D2A6FBEED00573A49 /* FirebaseFirestoreSwift in Frameworks */ = {isa = PBXBuildFile; productRef = 6E8A274C2A6FBEED00573A49 /* FirebaseFirestoreSwift */; };
		6E8A274E2A6FBF2A00573A49 /* +Color.swift in Sources */ = {isa = PBXBuildFile; fileRef = 6E8875702A69A74900BE4A69 /* +Color.swift */; };
		6E8A274F2A6FBF3700573A49 /* DateUtils.swift in Sources */ = {isa = PBXBuildFile; fileRef = 6E8B53532A62A5C400E9569D /* DateUtils.swift */; };
		6E8A27512A6FBF6600573A49 /* DailyProgressHabitsProvider.swift in Sources */ = {isa = PBXBuildFile; fileRef = 6E8A27502A6FBF6600573A49 /* DailyProgressHabitsProvider.swift */; };
		6E8A27532A6FBFA000573A49 /* HabitsListEntry.swift in Sources */ = {isa = PBXBuildFile; fileRef = 6E8A27522A6FBFA000573A49 /* HabitsListEntry.swift */; };
		6E8A27682A6FC5E000573A49 /* DailyProgressWidgetView.swift in Sources */ = {isa = PBXBuildFile; fileRef = 6E8A27622A6FC5E000573A49 /* DailyProgressWidgetView.swift */; };
		6E8A27692A6FC5E000573A49 /* WidgetViewModel.swift in Sources */ = {isa = PBXBuildFile; fileRef = 6E8A27632A6FC5E000573A49 /* WidgetViewModel.swift */; };
		6E8A276A2A6FC5E000573A49 /* CompletedHabitsProgressCircleView.swift in Sources */ = {isa = PBXBuildFile; fileRef = 6E8A27642A6FC5E000573A49 /* CompletedHabitsProgressCircleView.swift */; };
		6E8A276B2A6FC5E000573A49 /* LargeWidgetView.swift in Sources */ = {isa = PBXBuildFile; fileRef = 6E8A27652A6FC5E000573A49 /* LargeWidgetView.swift */; };
		6E8A276C2A6FC5E000573A49 /* SmallWidgetView.swift in Sources */ = {isa = PBXBuildFile; fileRef = 6E8A27662A6FC5E000573A49 /* SmallWidgetView.swift */; };
		6E8B53032A62A4C700E9569D /* HabitPalsApp.swift in Sources */ = {isa = PBXBuildFile; fileRef = 6E8B53022A62A4C700E9569D /* HabitPalsApp.swift */; };
		6E8B53072A62A4C900E9569D /* Assets.xcassets in Resources */ = {isa = PBXBuildFile; fileRef = 6E8B53062A62A4C900E9569D /* Assets.xcassets */; };
		6E8B530A2A62A4C900E9569D /* Preview Assets.xcassets in Resources */ = {isa = PBXBuildFile; fileRef = 6E8B53092A62A4C900E9569D /* Preview Assets.xcassets */; };
		6E8B53142A62A4CA00E9569D /* HabitPalsTests.swift in Sources */ = {isa = PBXBuildFile; fileRef = 6E8B53132A62A4CA00E9569D /* HabitPalsTests.swift */; };
		6E8B531E2A62A4CA00E9569D /* HabitPalsUITests.swift in Sources */ = {isa = PBXBuildFile; fileRef = 6E8B531D2A62A4CA00E9569D /* HabitPalsUITests.swift */; };
		6E8B53202A62A4CA00E9569D /* HabitPalsUITestsLaunchTests.swift in Sources */ = {isa = PBXBuildFile; fileRef = 6E8B531F2A62A4CA00E9569D /* HabitPalsUITestsLaunchTests.swift */; };
		6E8B532F2A62A52300E9569D /* UserRepository.swift in Sources */ = {isa = PBXBuildFile; fileRef = 6E8B532D2A62A52300E9569D /* UserRepository.swift */; };
		6E8B53302A62A52300E9569D /* HabitRepository.swift in Sources */ = {isa = PBXBuildFile; fileRef = 6E8B532E2A62A52300E9569D /* HabitRepository.swift */; };
		6E8B53342A62A55000E9569D /* AccountViewModel.swift in Sources */ = {isa = PBXBuildFile; fileRef = 6E8B53322A62A55000E9569D /* AccountViewModel.swift */; };
		6E8B53352A62A55000E9569D /* AccountView.swift in Sources */ = {isa = PBXBuildFile; fileRef = 6E8B53332A62A55000E9569D /* AccountView.swift */; };
		6E8B53382A62A55700E9569D /* FriendsListView.swift in Sources */ = {isa = PBXBuildFile; fileRef = 6E8B53372A62A55700E9569D /* FriendsListView.swift */; };
		6E8B533C2A62A56300E9569D /* HabitsView.swift in Sources */ = {isa = PBXBuildFile; fileRef = 6E8B533A2A62A56300E9569D /* HabitsView.swift */; };
		6E8B533D2A62A56300E9569D /* HabitsViewModel.swift in Sources */ = {isa = PBXBuildFile; fileRef = 6E8B533B2A62A56300E9569D /* HabitsViewModel.swift */; };
		6E8B53412A62A58F00E9569D /* +View.swift in Sources */ = {isa = PBXBuildFile; fileRef = 6E8B533F2A62A58F00E9569D /* +View.swift */; };
		6E8B53422A62A58F00E9569D /* AppDelegate.swift in Sources */ = {isa = PBXBuildFile; fileRef = 6E8B53402A62A58F00E9569D /* AppDelegate.swift */; };
		6E8B534D2A62A59B00E9569D /* DbUser.swift in Sources */ = {isa = PBXBuildFile; fileRef = 6E8B53442A62A59A00E9569D /* DbUser.swift */; };
		6E8B534E2A62A59B00E9569D /* Symbols.swift in Sources */ = {isa = PBXBuildFile; fileRef = 6E8B53452A62A59A00E9569D /* Symbols.swift */; };
		6E8B534F2A62A59B00E9569D /* Habit.swift in Sources */ = {isa = PBXBuildFile; fileRef = 6E8B53462A62A59A00E9569D /* Habit.swift */; };
		6E8B535D2A62A5C400E9569D /* DateUtils.swift in Sources */ = {isa = PBXBuildFile; fileRef = 6E8B53532A62A5C400E9569D /* DateUtils.swift */; };
		6E8B535E2A62A5C400E9569D /* NewHabitSheet.swift in Sources */ = {isa = PBXBuildFile; fileRef = 6E8B53552A62A5C400E9569D /* NewHabitSheet.swift */; };
		6E8B535F2A62A5C400E9569D /* SymbolPicker.swift in Sources */ = {isa = PBXBuildFile; fileRef = 6E8B53562A62A5C400E9569D /* SymbolPicker.swift */; };
		6E8B53602A62A5C400E9569D /* HabitListRow.swift in Sources */ = {isa = PBXBuildFile; fileRef = 6E8B53572A62A5C400E9569D /* HabitListRow.swift */; };
		6E8B53612A62A5C400E9569D /* CustomTabBarView.swift in Sources */ = {isa = PBXBuildFile; fileRef = 6E8B53582A62A5C400E9569D /* CustomTabBarView.swift */; };
		6E8B53622A62A5C400E9569D /* MainTabGroupView.swift in Sources */ = {isa = PBXBuildFile; fileRef = 6E8B53592A62A5C400E9569D /* MainTabGroupView.swift */; };
		6E8B53632A62A5C400E9569D /* HabitEditView.swift in Sources */ = {isa = PBXBuildFile; fileRef = 6E8B535A2A62A5C400E9569D /* HabitEditView.swift */; };
		6E8B53662A62A65000E9569D /* GoogleService-Info.plist in Resources */ = {isa = PBXBuildFile; fileRef = 6E8B53652A62A65000E9569D /* GoogleService-Info.plist */; };
		6E8B53692A62A9BC00E9569D /* FirebaseAuth in Frameworks */ = {isa = PBXBuildFile; productRef = 6E8B53682A62A9BC00E9569D /* FirebaseAuth */; };
		6E8B536B2A62A9BC00E9569D /* FirebaseFirestore in Frameworks */ = {isa = PBXBuildFile; productRef = 6E8B536A2A62A9BC00E9569D /* FirebaseFirestore */; };
		6E8B536D2A62A9BC00E9569D /* FirebaseFirestoreSwift in Frameworks */ = {isa = PBXBuildFile; productRef = 6E8B536C2A62A9BC00E9569D /* FirebaseFirestoreSwift */; };
		6E8B53702A62BD0400E9569D /* GoogleSignIn in Frameworks */ = {isa = PBXBuildFile; productRef = 6E8B536F2A62BD0400E9569D /* GoogleSignIn */; };
		6E8B53722A62BD0400E9569D /* GoogleSignInSwift in Frameworks */ = {isa = PBXBuildFile; productRef = 6E8B53712A62BD0400E9569D /* GoogleSignInSwift */; };
		6E8B53742A62BDAA00E9569D /* RootView.swift in Sources */ = {isa = PBXBuildFile; fileRef = 6E8B53732A62BDAA00E9569D /* RootView.swift */; };
		6E9D70CE2A6FCE33002ED92C /* DbFriendList.swift in Sources */ = {isa = PBXBuildFile; fileRef = 6E8697312A66DE3100AFE09B /* DbFriendList.swift */; };
		6E9D70D02A6FCE43002ED92C /* +Sequence.swift in Sources */ = {isa = PBXBuildFile; fileRef = 6E86972F2A652B8700AFE09B /* +Sequence.swift */; };
		6E9D70DF2A6FD48E002ED92C /* WidgetDbUser.swift in Sources */ = {isa = PBXBuildFile; fileRef = 6E9D70DD2A6FD489002ED92C /* WidgetDbUser.swift */; };
		6E9D70E22A6FD5FD002ED92C /* Assets.xcassets in Resources */ = {isa = PBXBuildFile; fileRef = 6E8B53062A62A4C900E9569D /* Assets.xcassets */; };
		6E9D70E32A6FF31D002ED92C /* WidgetDbUser.swift in Sources */ = {isa = PBXBuildFile; fileRef = 6E9D70DD2A6FD489002ED92C /* WidgetDbUser.swift */; };
		6E9D70E62A704E6F002ED92C /* DbUser.swift in Sources */ = {isa = PBXBuildFile; fileRef = 6E8B53442A62A59A00E9569D /* DbUser.swift */; };
		6E9D70E82A704F88002ED92C /* +DbUser.swift in Sources */ = {isa = PBXBuildFile; fileRef = 6E9D70E72A704F88002ED92C /* +DbUser.swift */; };
		6E9D70EC2A7050DA002ED92C /* AuthDataResultModel.swift in Sources */ = {isa = PBXBuildFile; fileRef = 6E9D70EB2A7050DA002ED92C /* AuthDataResultModel.swift */; };
		6E9D70EE2A705108002ED92C /* FirebaseAuth in Frameworks */ = {isa = PBXBuildFile; productRef = 6E9D70ED2A705108002ED92C /* FirebaseAuth */; };
		6EAD69FE2A72565500E6E929 /* SingleHabitViewWidget.swift in Sources */ = {isa = PBXBuildFile; fileRef = 6EAD69FC2A72565000E6E929 /* SingleHabitViewWidget.swift */; };
		6EAD6A012A725E8800E6E929 /* SingleHabitConfigurationAppIntent.swift in Sources */ = {isa = PBXBuildFile; fileRef = 6EAD6A002A725E8800E6E929 /* SingleHabitConfigurationAppIntent.swift */; };
		6EAD6A052A7262FD00E6E929 /* SingleHabitViewProvider.swift in Sources */ = {isa = PBXBuildFile; fileRef = 6EAD6A042A7262FD00E6E929 /* SingleHabitViewProvider.swift */; };
		6EAD6A072A72642200E6E929 /* SingleHabitEntry.swift in Sources */ = {isa = PBXBuildFile; fileRef = 6EAD6A062A72642200E6E929 /* SingleHabitEntry.swift */; };
		6EAD6A0B2A726BF400E6E929 /* SingleHabitWidgetview.swift in Sources */ = {isa = PBXBuildFile; fileRef = 6EAD6A0A2A726BF400E6E929 /* SingleHabitWidgetview.swift */; };
		6EAD6A0D2A726C4000E6E929 /* MediumWidgetView.swift in Sources */ = {isa = PBXBuildFile; fileRef = 6EAD6A0C2A726C4000E6E929 /* MediumWidgetView.swift */; };
/* End PBXBuildFile section */

/* Begin PBXContainerItemProxy section */
		6E8A271F2A6FBC5900573A49 /* PBXContainerItemProxy */ = {
			isa = PBXContainerItemProxy;
			containerPortal = 6E8B52F72A62A4C700E9569D /* Project object */;
			proxyType = 1;
			remoteGlobalIDString = 6E8A27112A6FBC5700573A49;
			remoteInfo = HabitPalsWidgetExtension;
		};
		6E8B53102A62A4CA00E9569D /* PBXContainerItemProxy */ = {
			isa = PBXContainerItemProxy;
			containerPortal = 6E8B52F72A62A4C700E9569D /* Project object */;
			proxyType = 1;
			remoteGlobalIDString = 6E8B52FE2A62A4C700E9569D;
			remoteInfo = HabitPals;
		};
		6E8B531A2A62A4CA00E9569D /* PBXContainerItemProxy */ = {
			isa = PBXContainerItemProxy;
			containerPortal = 6E8B52F72A62A4C700E9569D /* Project object */;
			proxyType = 1;
			remoteGlobalIDString = 6E8B52FE2A62A4C700E9569D;
			remoteInfo = HabitPals;
		};
/* End PBXContainerItemProxy section */

/* Begin PBXCopyFilesBuildPhase section */
		6E88758E2A6BCDBC00BE4A69 /* Embed Foundation Extensions */ = {
			isa = PBXCopyFilesBuildPhase;
			buildActionMask = 2147483647;
			dstPath = "";
			dstSubfolderSpec = 13;
			files = (
				6E8A27212A6FBC5900573A49 /* HabitPalsWidgetExtension.appex in Embed Foundation Extensions */,
			);
			name = "Embed Foundation Extensions";
			runOnlyForDeploymentPostprocessing = 0;
		};
/* End PBXCopyFilesBuildPhase section */

/* Begin PBXFileReference section */
		6E3E1BD62A63D31400D10C76 /* AuthenticationView.swift */ = {isa = PBXFileReference; lastKnownFileType = sourcecode.swift; path = AuthenticationView.swift; sourceTree = "<group>"; };
		6E3E1BD82A63D3A100D10C76 /* AuthenticationService.swift */ = {isa = PBXFileReference; lastKnownFileType = sourcecode.swift; path = AuthenticationService.swift; sourceTree = "<group>"; };
		6E3E1BDA2A63D3DC00D10C76 /* AuthenticationViewModel.swift */ = {isa = PBXFileReference; lastKnownFileType = sourcecode.swift; path = AuthenticationViewModel.swift; sourceTree = "<group>"; };
		6E3E1BDE2A63DB9500D10C76 /* SignInGoogleHelper.swift */ = {isa = PBXFileReference; lastKnownFileType = sourcecode.swift; path = SignInGoogleHelper.swift; sourceTree = "<group>"; };
		6E3E1BE02A6478CC00D10C76 /* FriendsListViewModel.swift */ = {isa = PBXFileReference; lastKnownFileType = sourcecode.swift; path = FriendsListViewModel.swift; sourceTree = "<group>"; };
		6E3E1BE22A64796C00D10C76 /* FriendsRepository.swift */ = {isa = PBXFileReference; lastKnownFileType = sourcecode.swift; path = FriendsRepository.swift; sourceTree = "<group>"; };
		6E6613A42A67117F00D7D994 /* UserSearchInfoRowView.swift */ = {isa = PBXFileReference; lastKnownFileType = sourcecode.swift; path = UserSearchInfoRowView.swift; sourceTree = "<group>"; };
		6E6613A62A671E7000D7D994 /* FriendHabitsInfoRowView.swift */ = {isa = PBXFileReference; lastKnownFileType = sourcecode.swift; path = FriendHabitsInfoRowView.swift; sourceTree = "<group>"; };
		6E6613AD2A680BDA00D7D994 /* Arc.swift */ = {isa = PBXFileReference; lastKnownFileType = sourcecode.swift; path = Arc.swift; sourceTree = "<group>"; };
		6E6613AF2A680F0900D7D994 /* HabitsCompletionStatusArc.swift */ = {isa = PBXFileReference; lastKnownFileType = sourcecode.swift; path = HabitsCompletionStatusArc.swift; sourceTree = "<group>"; };
		6E6613B42A683BDB00D7D994 /* FriendHabitsListView.swift */ = {isa = PBXFileReference; lastKnownFileType = sourcecode.swift; path = FriendHabitsListView.swift; sourceTree = "<group>"; };
		6E6613B62A683E7100D7D994 /* FriendHabitsListViewModel.swift */ = {isa = PBXFileReference; lastKnownFileType = sourcecode.swift; path = FriendHabitsListViewModel.swift; sourceTree = "<group>"; };
		6E86972F2A652B8700AFE09B /* +Sequence.swift */ = {isa = PBXFileReference; lastKnownFileType = sourcecode.swift; path = "+Sequence.swift"; sourceTree = "<group>"; };
		6E8697312A66DE3100AFE09B /* DbFriendList.swift */ = {isa = PBXFileReference; fileEncoding = 4; lastKnownFileType = sourcecode.swift; path = DbFriendList.swift; sourceTree = "<group>"; };
		6E8697342A67051500AFE09B /* NewFriendSearchView.swift */ = {isa = PBXFileReference; lastKnownFileType = sourcecode.swift; path = NewFriendSearchView.swift; sourceTree = "<group>"; };
		6E8697362A67052900AFE09B /* NewFriendSearchViewModel.swift */ = {isa = PBXFileReference; lastKnownFileType = sourcecode.swift; path = NewFriendSearchViewModel.swift; sourceTree = "<group>"; };
		6E88756E2A695EC000BE4A69 /* UserProfileView.swift */ = {isa = PBXFileReference; lastKnownFileType = sourcecode.swift; path = UserProfileView.swift; sourceTree = "<group>"; };
		6E8875702A69A74900BE4A69 /* +Color.swift */ = {isa = PBXFileReference; lastKnownFileType = sourcecode.swift; path = "+Color.swift"; sourceTree = "<group>"; };
		6E8875782A6BCDB900BE4A69 /* WidgetKit.framework */ = {isa = PBXFileReference; lastKnownFileType = wrapper.framework; name = WidgetKit.framework; path = System/Library/Frameworks/WidgetKit.framework; sourceTree = SDKROOT; };
		6E88757A2A6BCDB900BE4A69 /* SwiftUI.framework */ = {isa = PBXFileReference; lastKnownFileType = wrapper.framework; name = SwiftUI.framework; path = System/Library/Frameworks/SwiftUI.framework; sourceTree = SDKROOT; };
		6E8A27122A6FBC5700573A49 /* HabitPalsWidgetExtension.appex */ = {isa = PBXFileReference; explicitFileType = "wrapper.app-extension"; includeInIndex = 0; path = HabitPalsWidgetExtension.appex; sourceTree = BUILT_PRODUCTS_DIR; };
		6E8A27162A6FBC5700573A49 /* HabitPalsWidgetBundle.swift */ = {isa = PBXFileReference; lastKnownFileType = sourcecode.swift; path = HabitPalsWidgetBundle.swift; sourceTree = "<group>"; };
		6E8A27182A6FBC5700573A49 /* HabitPalsDailyProgressWidget.swift */ = {isa = PBXFileReference; lastKnownFileType = sourcecode.swift; path = HabitPalsDailyProgressWidget.swift; sourceTree = "<group>"; };
		6E8A271C2A6FBC5900573A49 /* Assets.xcassets */ = {isa = PBXFileReference; lastKnownFileType = folder.assetcatalog; path = Assets.xcassets; sourceTree = "<group>"; };
		6E8A271E2A6FBC5900573A49 /* Info.plist */ = {isa = PBXFileReference; lastKnownFileType = text.plist.xml; path = Info.plist; sourceTree = "<group>"; };
		6E8A27412A6FBE2200573A49 /* DailyProgressConfigurationAppIntent.swift */ = {isa = PBXFileReference; fileEncoding = 4; lastKnownFileType = sourcecode.swift; path = DailyProgressConfigurationAppIntent.swift; sourceTree = "<group>"; };
		6E8A27422A6FBE2200573A49 /* CompleteHabitIntent.swift */ = {isa = PBXFileReference; fileEncoding = 4; lastKnownFileType = sourcecode.swift; path = CompleteHabitIntent.swift; sourceTree = "<group>"; };
		6E8A27502A6FBF6600573A49 /* DailyProgressHabitsProvider.swift */ = {isa = PBXFileReference; fileEncoding = 4; lastKnownFileType = sourcecode.swift; path = DailyProgressHabitsProvider.swift; sourceTree = "<group>"; };
		6E8A27522A6FBFA000573A49 /* HabitsListEntry.swift */ = {isa = PBXFileReference; fileEncoding = 4; lastKnownFileType = sourcecode.swift; path = HabitsListEntry.swift; sourceTree = "<group>"; };
		6E8A27622A6FC5E000573A49 /* DailyProgressWidgetView.swift */ = {isa = PBXFileReference; fileEncoding = 4; lastKnownFileType = sourcecode.swift; path = DailyProgressWidgetView.swift; sourceTree = "<group>"; };
		6E8A27632A6FC5E000573A49 /* WidgetViewModel.swift */ = {isa = PBXFileReference; fileEncoding = 4; lastKnownFileType = sourcecode.swift; path = WidgetViewModel.swift; sourceTree = "<group>"; };
		6E8A27642A6FC5E000573A49 /* CompletedHabitsProgressCircleView.swift */ = {isa = PBXFileReference; fileEncoding = 4; lastKnownFileType = sourcecode.swift; path = CompletedHabitsProgressCircleView.swift; sourceTree = "<group>"; };
		6E8A27652A6FC5E000573A49 /* LargeWidgetView.swift */ = {isa = PBXFileReference; fileEncoding = 4; lastKnownFileType = sourcecode.swift; path = LargeWidgetView.swift; sourceTree = "<group>"; };
		6E8A27662A6FC5E000573A49 /* SmallWidgetView.swift */ = {isa = PBXFileReference; fileEncoding = 4; lastKnownFileType = sourcecode.swift; path = SmallWidgetView.swift; sourceTree = "<group>"; };
		6E8B52FF2A62A4C700E9569D /* HabitPals.app */ = {isa = PBXFileReference; explicitFileType = wrapper.application; includeInIndex = 0; path = HabitPals.app; sourceTree = BUILT_PRODUCTS_DIR; };
		6E8B53022A62A4C700E9569D /* HabitPalsApp.swift */ = {isa = PBXFileReference; lastKnownFileType = sourcecode.swift; path = HabitPalsApp.swift; sourceTree = "<group>"; };
		6E8B53062A62A4C900E9569D /* Assets.xcassets */ = {isa = PBXFileReference; lastKnownFileType = folder.assetcatalog; path = Assets.xcassets; sourceTree = "<group>"; };
		6E8B53092A62A4C900E9569D /* Preview Assets.xcassets */ = {isa = PBXFileReference; lastKnownFileType = folder.assetcatalog; path = "Preview Assets.xcassets"; sourceTree = "<group>"; };
		6E8B530F2A62A4CA00E9569D /* HabitPalsTests.xctest */ = {isa = PBXFileReference; explicitFileType = wrapper.cfbundle; includeInIndex = 0; path = HabitPalsTests.xctest; sourceTree = BUILT_PRODUCTS_DIR; };
		6E8B53132A62A4CA00E9569D /* HabitPalsTests.swift */ = {isa = PBXFileReference; lastKnownFileType = sourcecode.swift; path = HabitPalsTests.swift; sourceTree = "<group>"; };
		6E8B53192A62A4CA00E9569D /* HabitPalsUITests.xctest */ = {isa = PBXFileReference; explicitFileType = wrapper.cfbundle; includeInIndex = 0; path = HabitPalsUITests.xctest; sourceTree = BUILT_PRODUCTS_DIR; };
		6E8B531D2A62A4CA00E9569D /* HabitPalsUITests.swift */ = {isa = PBXFileReference; lastKnownFileType = sourcecode.swift; path = HabitPalsUITests.swift; sourceTree = "<group>"; };
		6E8B531F2A62A4CA00E9569D /* HabitPalsUITestsLaunchTests.swift */ = {isa = PBXFileReference; lastKnownFileType = sourcecode.swift; path = HabitPalsUITestsLaunchTests.swift; sourceTree = "<group>"; };
		6E8B532D2A62A52300E9569D /* UserRepository.swift */ = {isa = PBXFileReference; fileEncoding = 4; lastKnownFileType = sourcecode.swift; path = UserRepository.swift; sourceTree = "<group>"; };
		6E8B532E2A62A52300E9569D /* HabitRepository.swift */ = {isa = PBXFileReference; fileEncoding = 4; lastKnownFileType = sourcecode.swift; path = HabitRepository.swift; sourceTree = "<group>"; };
		6E8B53322A62A55000E9569D /* AccountViewModel.swift */ = {isa = PBXFileReference; fileEncoding = 4; lastKnownFileType = sourcecode.swift; path = AccountViewModel.swift; sourceTree = "<group>"; };
		6E8B53332A62A55000E9569D /* AccountView.swift */ = {isa = PBXFileReference; fileEncoding = 4; lastKnownFileType = sourcecode.swift; path = AccountView.swift; sourceTree = "<group>"; };
		6E8B53372A62A55700E9569D /* FriendsListView.swift */ = {isa = PBXFileReference; fileEncoding = 4; lastKnownFileType = sourcecode.swift; path = FriendsListView.swift; sourceTree = "<group>"; };
		6E8B533A2A62A56300E9569D /* HabitsView.swift */ = {isa = PBXFileReference; fileEncoding = 4; lastKnownFileType = sourcecode.swift; path = HabitsView.swift; sourceTree = "<group>"; };
		6E8B533B2A62A56300E9569D /* HabitsViewModel.swift */ = {isa = PBXFileReference; fileEncoding = 4; lastKnownFileType = sourcecode.swift; path = HabitsViewModel.swift; sourceTree = "<group>"; };
		6E8B533F2A62A58F00E9569D /* +View.swift */ = {isa = PBXFileReference; fileEncoding = 4; lastKnownFileType = sourcecode.swift; path = "+View.swift"; sourceTree = "<group>"; };
		6E8B53402A62A58F00E9569D /* AppDelegate.swift */ = {isa = PBXFileReference; fileEncoding = 4; lastKnownFileType = sourcecode.swift; path = AppDelegate.swift; sourceTree = "<group>"; };
		6E8B53442A62A59A00E9569D /* DbUser.swift */ = {isa = PBXFileReference; fileEncoding = 4; lastKnownFileType = sourcecode.swift; path = DbUser.swift; sourceTree = "<group>"; };
		6E8B53452A62A59A00E9569D /* Symbols.swift */ = {isa = PBXFileReference; fileEncoding = 4; lastKnownFileType = sourcecode.swift; path = Symbols.swift; sourceTree = "<group>"; };
		6E8B53462A62A59A00E9569D /* Habit.swift */ = {isa = PBXFileReference; fileEncoding = 4; lastKnownFileType = sourcecode.swift; path = Habit.swift; sourceTree = "<group>"; };
		6E8B53532A62A5C400E9569D /* DateUtils.swift */ = {isa = PBXFileReference; fileEncoding = 4; lastKnownFileType = sourcecode.swift; path = DateUtils.swift; sourceTree = "<group>"; };
		6E8B53552A62A5C400E9569D /* NewHabitSheet.swift */ = {isa = PBXFileReference; fileEncoding = 4; lastKnownFileType = sourcecode.swift; path = NewHabitSheet.swift; sourceTree = "<group>"; };
		6E8B53562A62A5C400E9569D /* SymbolPicker.swift */ = {isa = PBXFileReference; fileEncoding = 4; lastKnownFileType = sourcecode.swift; path = SymbolPicker.swift; sourceTree = "<group>"; };
		6E8B53572A62A5C400E9569D /* HabitListRow.swift */ = {isa = PBXFileReference; fileEncoding = 4; lastKnownFileType = sourcecode.swift; path = HabitListRow.swift; sourceTree = "<group>"; };
		6E8B53582A62A5C400E9569D /* CustomTabBarView.swift */ = {isa = PBXFileReference; fileEncoding = 4; lastKnownFileType = sourcecode.swift; path = CustomTabBarView.swift; sourceTree = "<group>"; };
		6E8B53592A62A5C400E9569D /* MainTabGroupView.swift */ = {isa = PBXFileReference; fileEncoding = 4; lastKnownFileType = sourcecode.swift; path = MainTabGroupView.swift; sourceTree = "<group>"; };
		6E8B535A2A62A5C400E9569D /* HabitEditView.swift */ = {isa = PBXFileReference; fileEncoding = 4; lastKnownFileType = sourcecode.swift; path = HabitEditView.swift; sourceTree = "<group>"; };
		6E8B53652A62A65000E9569D /* GoogleService-Info.plist */ = {isa = PBXFileReference; fileEncoding = 4; lastKnownFileType = text.plist.xml; path = "GoogleService-Info.plist"; sourceTree = "<group>"; };
		6E8B53732A62BDAA00E9569D /* RootView.swift */ = {isa = PBXFileReference; fileEncoding = 4; lastKnownFileType = sourcecode.swift; path = RootView.swift; sourceTree = "<group>"; };
		6E8B53752A62C05F00E9569D /* Info.plist */ = {isa = PBXFileReference; lastKnownFileType = text.plist; path = Info.plist; sourceTree = "<group>"; };
		6E9D70872A6FC97A002ED92C /* Intents.framework */ = {isa = PBXFileReference; lastKnownFileType = wrapper.framework; name = Intents.framework; path = System/Library/Frameworks/Intents.framework; sourceTree = SDKROOT; };
		6E9D70922A6FC97B002ED92C /* IntentsUI.framework */ = {isa = PBXFileReference; lastKnownFileType = wrapper.framework; name = IntentsUI.framework; path = System/Library/Frameworks/IntentsUI.framework; sourceTree = SDKROOT; };
		6E9D70D92A6FD285002ED92C /* HabitPals.entitlements */ = {isa = PBXFileReference; lastKnownFileType = text.plist.entitlements; path = HabitPals.entitlements; sourceTree = "<group>"; };
		6E9D70DB2A6FD2E8002ED92C /* HabitPalsWidgetExtension.entitlements */ = {isa = PBXFileReference; lastKnownFileType = text.plist.entitlements; path = HabitPalsWidgetExtension.entitlements; sourceTree = "<group>"; };
		6E9D70DD2A6FD489002ED92C /* WidgetDbUser.swift */ = {isa = PBXFileReference; lastKnownFileType = sourcecode.swift; path = WidgetDbUser.swift; sourceTree = "<group>"; };
		6E9D70E72A704F88002ED92C /* +DbUser.swift */ = {isa = PBXFileReference; lastKnownFileType = sourcecode.swift; path = "+DbUser.swift"; sourceTree = "<group>"; };
		6E9D70EB2A7050DA002ED92C /* AuthDataResultModel.swift */ = {isa = PBXFileReference; lastKnownFileType = sourcecode.swift; path = AuthDataResultModel.swift; sourceTree = "<group>"; };
		6EAD69FC2A72565000E6E929 /* SingleHabitViewWidget.swift */ = {isa = PBXFileReference; lastKnownFileType = sourcecode.swift; path = SingleHabitViewWidget.swift; sourceTree = "<group>"; };
		6EAD6A002A725E8800E6E929 /* SingleHabitConfigurationAppIntent.swift */ = {isa = PBXFileReference; lastKnownFileType = sourcecode.swift; path = SingleHabitConfigurationAppIntent.swift; sourceTree = "<group>"; };
		6EAD6A042A7262FD00E6E929 /* SingleHabitViewProvider.swift */ = {isa = PBXFileReference; lastKnownFileType = sourcecode.swift; path = SingleHabitViewProvider.swift; sourceTree = "<group>"; };
		6EAD6A062A72642200E6E929 /* SingleHabitEntry.swift */ = {isa = PBXFileReference; lastKnownFileType = sourcecode.swift; path = SingleHabitEntry.swift; sourceTree = "<group>"; };
		6EAD6A0A2A726BF400E6E929 /* SingleHabitWidgetview.swift */ = {isa = PBXFileReference; lastKnownFileType = sourcecode.swift; path = SingleHabitWidgetview.swift; sourceTree = "<group>"; };
		6EAD6A0C2A726C4000E6E929 /* MediumWidgetView.swift */ = {isa = PBXFileReference; lastKnownFileType = sourcecode.swift; path = MediumWidgetView.swift; sourceTree = "<group>"; };
/* End PBXFileReference section */

/* Begin PBXFrameworksBuildPhase section */
		6E8A270F2A6FBC5700573A49 /* Frameworks */ = {
			isa = PBXFrameworksBuildPhase;
			buildActionMask = 2147483647;
			files = (
				6E8A27142A6FBC5700573A49 /* SwiftUI.framework in Frameworks */,
				6E9D70EE2A705108002ED92C /* FirebaseAuth in Frameworks */,
				6E8A27132A6FBC5700573A49 /* WidgetKit.framework in Frameworks */,
				6E8A274B2A6FBEED00573A49 /* FirebaseFirestore in Frameworks */,
				6E8A274D2A6FBEED00573A49 /* FirebaseFirestoreSwift in Frameworks */,
			);
			runOnlyForDeploymentPostprocessing = 0;
		};
		6E8B52FC2A62A4C700E9569D /* Frameworks */ = {
			isa = PBXFrameworksBuildPhase;
			buildActionMask = 2147483647;
			files = (
				6E6613B32A682ACA00D7D994 /* ConfettiSwiftUI in Frameworks */,
				6E8B53722A62BD0400E9569D /* GoogleSignInSwift in Frameworks */,
				6E8B53692A62A9BC00E9569D /* FirebaseAuth in Frameworks */,
				6E8B53702A62BD0400E9569D /* GoogleSignIn in Frameworks */,
				6E8B536B2A62A9BC00E9569D /* FirebaseFirestore in Frameworks */,
				6E8B536D2A62A9BC00E9569D /* FirebaseFirestoreSwift in Frameworks */,
			);
			runOnlyForDeploymentPostprocessing = 0;
		};
		6E8B530C2A62A4CA00E9569D /* Frameworks */ = {
			isa = PBXFrameworksBuildPhase;
			buildActionMask = 2147483647;
			files = (
			);
			runOnlyForDeploymentPostprocessing = 0;
		};
		6E8B53162A62A4CA00E9569D /* Frameworks */ = {
			isa = PBXFrameworksBuildPhase;
			buildActionMask = 2147483647;
			files = (
			);
			runOnlyForDeploymentPostprocessing = 0;
		};
/* End PBXFrameworksBuildPhase section */

/* Begin PBXGroup section */
		6E3E1BD32A63CEEA00D10C76 /* Core */ = {
			isa = PBXGroup;
			children = (
				6E6613A82A67F63800D7D994 /* NewHabit */,
				6E8697332A6704FE00AFE09B /* NewFriendSearch */,
				6E3E1BD52A63D2FB00D10C76 /* Authentication */,
				6E8B53392A62A56300E9569D /* HabitsList */,
				6E8B53312A62A55000E9569D /* Account */,
				6E8B53362A62A55700E9569D /* Friends */,
			);
			path = Core;
			sourceTree = "<group>";
		};
		6E3E1BD52A63D2FB00D10C76 /* Authentication */ = {
			isa = PBXGroup;
			children = (
				6E3E1BD62A63D31400D10C76 /* AuthenticationView.swift */,
				6E3E1BDA2A63D3DC00D10C76 /* AuthenticationViewModel.swift */,
				6E3E1BDE2A63DB9500D10C76 /* SignInGoogleHelper.swift */,
			);
			path = Authentication;
			sourceTree = "<group>";
		};
		6E6613A82A67F63800D7D994 /* NewHabit */ = {
			isa = PBXGroup;
			children = (
				6E8B53552A62A5C400E9569D /* NewHabitSheet.swift */,
			);
			path = NewHabit;
			sourceTree = "<group>";
		};
		6E8697332A6704FE00AFE09B /* NewFriendSearch */ = {
			isa = PBXGroup;
			children = (
				6E6613A42A67117F00D7D994 /* UserSearchInfoRowView.swift */,
				6E8697342A67051500AFE09B /* NewFriendSearchView.swift */,
				6E8697362A67052900AFE09B /* NewFriendSearchViewModel.swift */,
			);
			path = NewFriendSearch;
			sourceTree = "<group>";
		};
		6E8875772A6BCDB900BE4A69 /* Frameworks */ = {
			isa = PBXGroup;
			children = (
				6E8875782A6BCDB900BE4A69 /* WidgetKit.framework */,
				6E88757A2A6BCDB900BE4A69 /* SwiftUI.framework */,
				6E9D70872A6FC97A002ED92C /* Intents.framework */,
				6E9D70922A6FC97B002ED92C /* IntentsUI.framework */,
			);
			name = Frameworks;
			sourceTree = "<group>";
		};
		6E8A27152A6FBC5700573A49 /* HabitPalsWidget */ = {
			isa = PBXGroup;
			children = (
				6EAD69FF2A72583A00E6E929 /* Widgets */,
				6E8A27602A6FC5E000573A49 /* Views */,
				6E8A27402A6FBE0800573A49 /* Intents */,
				6E8A271C2A6FBC5900573A49 /* Assets.xcassets */,
				6E8A271E2A6FBC5900573A49 /* Info.plist */,
			);
			path = HabitPalsWidget;
			sourceTree = "<group>";
		};
		6E8A27402A6FBE0800573A49 /* Intents */ = {
			isa = PBXGroup;
			children = (
				6E8A27412A6FBE2200573A49 /* DailyProgressConfigurationAppIntent.swift */,
				6E8A27422A6FBE2200573A49 /* CompleteHabitIntent.swift */,
				6EAD6A002A725E8800E6E929 /* SingleHabitConfigurationAppIntent.swift */,
			);
			path = Intents;
			sourceTree = "<group>";
		};
		6E8A27602A6FC5E000573A49 /* Views */ = {
			isa = PBXGroup;
			children = (
				6EAD6A092A726BC400E6E929 /* SingleHabitView */,
				6EAD6A082A726A0D00E6E929 /* DailyProgress */,
			);
			path = Views;
			sourceTree = "<group>";
		};
		6E8B52F62A62A4C700E9569D = {
			isa = PBXGroup;
			children = (
				6E9D70DB2A6FD2E8002ED92C /* HabitPalsWidgetExtension.entitlements */,
				6E8B53012A62A4C700E9569D /* HabitPals */,
				6E8B53122A62A4CA00E9569D /* HabitPalsTests */,
				6E8B531C2A62A4CA00E9569D /* HabitPalsUITests */,
				6E8A27152A6FBC5700573A49 /* HabitPalsWidget */,
				6E8875772A6BCDB900BE4A69 /* Frameworks */,
				6E8B53002A62A4C700E9569D /* Products */,
			);
			sourceTree = "<group>";
		};
		6E8B53002A62A4C700E9569D /* Products */ = {
			isa = PBXGroup;
			children = (
				6E8B52FF2A62A4C700E9569D /* HabitPals.app */,
				6E8B530F2A62A4CA00E9569D /* HabitPalsTests.xctest */,
				6E8B53192A62A4CA00E9569D /* HabitPalsUITests.xctest */,
				6E8A27122A6FBC5700573A49 /* HabitPalsWidgetExtension.appex */,
			);
			name = Products;
			sourceTree = "<group>";
		};
		6E8B53012A62A4C700E9569D /* HabitPals */ = {
			isa = PBXGroup;
			children = (
				6E9D70D92A6FD285002ED92C /* HabitPals.entitlements */,
				6E3E1BD32A63CEEA00D10C76 /* Core */,
				6E8B53752A62C05F00E9569D /* Info.plist */,
				6E8B535B2A62A5C400E9569D /* Services */,
				6E8B53522A62A5C400E9569D /* Utils */,
				6E8B53542A62A5C400E9569D /* Views */,
				6E8B53432A62A59A00E9569D /* Models */,
				6E8B533E2A62A58F00E9569D /* Extensions */,
				6E8B532C2A62A52300E9569D /* Repositories */,
				6E8B53022A62A4C700E9569D /* HabitPalsApp.swift */,
				6E8B53732A62BDAA00E9569D /* RootView.swift */,
				6E8B53062A62A4C900E9569D /* Assets.xcassets */,
				6E8B53652A62A65000E9569D /* GoogleService-Info.plist */,
				6E8B53082A62A4C900E9569D /* Preview Content */,
			);
			path = HabitPals;
			sourceTree = "<group>";
		};
		6E8B53082A62A4C900E9569D /* Preview Content */ = {
			isa = PBXGroup;
			children = (
				6E8B53092A62A4C900E9569D /* Preview Assets.xcassets */,
			);
			path = "Preview Content";
			sourceTree = "<group>";
		};
		6E8B53122A62A4CA00E9569D /* HabitPalsTests */ = {
			isa = PBXGroup;
			children = (
				6E8B53132A62A4CA00E9569D /* HabitPalsTests.swift */,
			);
			path = HabitPalsTests;
			sourceTree = "<group>";
		};
		6E8B531C2A62A4CA00E9569D /* HabitPalsUITests */ = {
			isa = PBXGroup;
			children = (
				6E8B531D2A62A4CA00E9569D /* HabitPalsUITests.swift */,
				6E8B531F2A62A4CA00E9569D /* HabitPalsUITestsLaunchTests.swift */,
			);
			path = HabitPalsUITests;
			sourceTree = "<group>";
		};
		6E8B532C2A62A52300E9569D /* Repositories */ = {
			isa = PBXGroup;
			children = (
				6E8B532D2A62A52300E9569D /* UserRepository.swift */,
				6E8B532E2A62A52300E9569D /* HabitRepository.swift */,
				6E3E1BE22A64796C00D10C76 /* FriendsRepository.swift */,
			);
			path = Repositories;
			sourceTree = "<group>";
		};
		6E8B53312A62A55000E9569D /* Account */ = {
			isa = PBXGroup;
			children = (
				6E8B53322A62A55000E9569D /* AccountViewModel.swift */,
				6E8B53332A62A55000E9569D /* AccountView.swift */,
			);
			path = Account;
			sourceTree = "<group>";
		};
		6E8B53362A62A55700E9569D /* Friends */ = {
			isa = PBXGroup;
			children = (
				6E8B53372A62A55700E9569D /* FriendsListView.swift */,
				6E3E1BE02A6478CC00D10C76 /* FriendsListViewModel.swift */,
				6E6613A62A671E7000D7D994 /* FriendHabitsInfoRowView.swift */,
				6E6613AF2A680F0900D7D994 /* HabitsCompletionStatusArc.swift */,
				6E6613B42A683BDB00D7D994 /* FriendHabitsListView.swift */,
				6E6613B62A683E7100D7D994 /* FriendHabitsListViewModel.swift */,
			);
			path = Friends;
			sourceTree = "<group>";
		};
		6E8B53392A62A56300E9569D /* HabitsList */ = {
			isa = PBXGroup;
			children = (
				6E8B533A2A62A56300E9569D /* HabitsView.swift */,
				6E8B533B2A62A56300E9569D /* HabitsViewModel.swift */,
			);
			path = HabitsList;
			sourceTree = "<group>";
		};
		6E8B533E2A62A58F00E9569D /* Extensions */ = {
			isa = PBXGroup;
			children = (
				6E8B533F2A62A58F00E9569D /* +View.swift */,
				6E8B53402A62A58F00E9569D /* AppDelegate.swift */,
				6E86972F2A652B8700AFE09B /* +Sequence.swift */,
				6E8875702A69A74900BE4A69 /* +Color.swift */,
			);
			path = Extensions;
			sourceTree = "<group>";
		};
		6E8B53432A62A59A00E9569D /* Models */ = {
			isa = PBXGroup;
			children = (
				6E8697312A66DE3100AFE09B /* DbFriendList.swift */,
				6E8B53442A62A59A00E9569D /* DbUser.swift */,
				6E8B53452A62A59A00E9569D /* Symbols.swift */,
				6E8B53462A62A59A00E9569D /* Habit.swift */,
				6E9D70DD2A6FD489002ED92C /* WidgetDbUser.swift */,
				6E9D70E72A704F88002ED92C /* +DbUser.swift */,
			);
			path = Models;
			sourceTree = "<group>";
		};
		6E8B53522A62A5C400E9569D /* Utils */ = {
			isa = PBXGroup;
			children = (
				6E8B53532A62A5C400E9569D /* DateUtils.swift */,
			);
			path = Utils;
			sourceTree = "<group>";
		};
		6E8B53542A62A5C400E9569D /* Views */ = {
			isa = PBXGroup;
			children = (
				6E8B53562A62A5C400E9569D /* SymbolPicker.swift */,
				6E8B53572A62A5C400E9569D /* HabitListRow.swift */,
				6E8B53582A62A5C400E9569D /* CustomTabBarView.swift */,
				6E8B53592A62A5C400E9569D /* MainTabGroupView.swift */,
				6E8B535A2A62A5C400E9569D /* HabitEditView.swift */,
				6E6613AD2A680BDA00D7D994 /* Arc.swift */,
				6E88756E2A695EC000BE4A69 /* UserProfileView.swift */,
			);
			path = Views;
			sourceTree = "<group>";
		};
		6E8B535B2A62A5C400E9569D /* Services */ = {
			isa = PBXGroup;
			children = (
				6E3E1BD82A63D3A100D10C76 /* AuthenticationService.swift */,
				6E9D70EB2A7050DA002ED92C /* AuthDataResultModel.swift */,
			);
			path = Services;
			sourceTree = "<group>";
		};
		6EAD69FF2A72583A00E6E929 /* Widgets */ = {
			isa = PBXGroup;
			children = (
				6EAD6A032A72629D00E6E929 /* SingleHabitView */,
				6EAD6A022A72627B00E6E929 /* DailyProgress */,
				6E8A27162A6FBC5700573A49 /* HabitPalsWidgetBundle.swift */,
			);
			path = Widgets;
			sourceTree = "<group>";
		};
		6EAD6A022A72627B00E6E929 /* DailyProgress */ = {
			isa = PBXGroup;
			children = (
				6E8A27522A6FBFA000573A49 /* HabitsListEntry.swift */,
				6E8A27502A6FBF6600573A49 /* DailyProgressHabitsProvider.swift */,
				6E8A27182A6FBC5700573A49 /* HabitPalsDailyProgressWidget.swift */,
			);
			path = DailyProgress;
			sourceTree = "<group>";
		};
		6EAD6A032A72629D00E6E929 /* SingleHabitView */ = {
			isa = PBXGroup;
			children = (
				6EAD69FC2A72565000E6E929 /* SingleHabitViewWidget.swift */,
				6EAD6A042A7262FD00E6E929 /* SingleHabitViewProvider.swift */,
				6EAD6A062A72642200E6E929 /* SingleHabitEntry.swift */,
			);
			path = SingleHabitView;
			sourceTree = "<group>";
		};
		6EAD6A082A726A0D00E6E929 /* DailyProgress */ = {
			isa = PBXGroup;
			children = (
				6E8A27622A6FC5E000573A49 /* DailyProgressWidgetView.swift */,
				6E8A27632A6FC5E000573A49 /* WidgetViewModel.swift */,
				6E8A27642A6FC5E000573A49 /* CompletedHabitsProgressCircleView.swift */,
				6E8A27652A6FC5E000573A49 /* LargeWidgetView.swift */,
				6E8A27662A6FC5E000573A49 /* SmallWidgetView.swift */,
			);
			path = DailyProgress;
			sourceTree = "<group>";
		};
		6EAD6A092A726BC400E6E929 /* SingleHabitView */ = {
			isa = PBXGroup;
			children = (
				6EAD6A0A2A726BF400E6E929 /* SingleHabitWidgetview.swift */,
				6EAD6A0C2A726C4000E6E929 /* MediumWidgetView.swift */,
			);
			path = SingleHabitView;
			sourceTree = "<group>";
		};
/* End PBXGroup section */

/* Begin PBXNativeTarget section */
		6E8A27112A6FBC5700573A49 /* HabitPalsWidgetExtension */ = {
			isa = PBXNativeTarget;
			buildConfigurationList = 6E8A27222A6FBC5900573A49 /* Build configuration list for PBXNativeTarget "HabitPalsWidgetExtension" */;
			buildPhases = (
				6E8A270E2A6FBC5700573A49 /* Sources */,
				6E8A270F2A6FBC5700573A49 /* Frameworks */,
				6E8A27102A6FBC5700573A49 /* Resources */,
			);
			buildRules = (
			);
			dependencies = (
			);
			name = HabitPalsWidgetExtension;
			packageProductDependencies = (
				6E8A274A2A6FBEED00573A49 /* FirebaseFirestore */,
				6E8A274C2A6FBEED00573A49 /* FirebaseFirestoreSwift */,
				6E9D70ED2A705108002ED92C /* FirebaseAuth */,
			);
			productName = HabitPalsWidgetExtension;
			productReference = 6E8A27122A6FBC5700573A49 /* HabitPalsWidgetExtension.appex */;
			productType = "com.apple.product-type.app-extension";
		};
		6E8B52FE2A62A4C700E9569D /* HabitPals */ = {
			isa = PBXNativeTarget;
			buildConfigurationList = 6E8B53232A62A4CA00E9569D /* Build configuration list for PBXNativeTarget "HabitPals" */;
			buildPhases = (
				6E8B52FB2A62A4C700E9569D /* Sources */,
				6E8B52FC2A62A4C700E9569D /* Frameworks */,
				6E8B52FD2A62A4C700E9569D /* Resources */,
				6E88758E2A6BCDBC00BE4A69 /* Embed Foundation Extensions */,
			);
			buildRules = (
			);
			dependencies = (
				6E8A27202A6FBC5900573A49 /* PBXTargetDependency */,
			);
			name = HabitPals;
			packageProductDependencies = (
				6E8B53682A62A9BC00E9569D /* FirebaseAuth */,
				6E8B536A2A62A9BC00E9569D /* FirebaseFirestore */,
				6E8B536C2A62A9BC00E9569D /* FirebaseFirestoreSwift */,
				6E8B536F2A62BD0400E9569D /* GoogleSignIn */,
				6E8B53712A62BD0400E9569D /* GoogleSignInSwift */,
				6E6613B22A682ACA00D7D994 /* ConfettiSwiftUI */,
			);
			productName = HabitPals;
			productReference = 6E8B52FF2A62A4C700E9569D /* HabitPals.app */;
			productType = "com.apple.product-type.application";
		};
		6E8B530E2A62A4CA00E9569D /* HabitPalsTests */ = {
			isa = PBXNativeTarget;
			buildConfigurationList = 6E8B53262A62A4CA00E9569D /* Build configuration list for PBXNativeTarget "HabitPalsTests" */;
			buildPhases = (
				6E8B530B2A62A4CA00E9569D /* Sources */,
				6E8B530C2A62A4CA00E9569D /* Frameworks */,
				6E8B530D2A62A4CA00E9569D /* Resources */,
			);
			buildRules = (
			);
			dependencies = (
				6E8B53112A62A4CA00E9569D /* PBXTargetDependency */,
			);
			name = HabitPalsTests;
			productName = HabitPalsTests;
			productReference = 6E8B530F2A62A4CA00E9569D /* HabitPalsTests.xctest */;
			productType = "com.apple.product-type.bundle.unit-test";
		};
		6E8B53182A62A4CA00E9569D /* HabitPalsUITests */ = {
			isa = PBXNativeTarget;
			buildConfigurationList = 6E8B53292A62A4CA00E9569D /* Build configuration list for PBXNativeTarget "HabitPalsUITests" */;
			buildPhases = (
				6E8B53152A62A4CA00E9569D /* Sources */,
				6E8B53162A62A4CA00E9569D /* Frameworks */,
				6E8B53172A62A4CA00E9569D /* Resources */,
			);
			buildRules = (
			);
			dependencies = (
				6E8B531B2A62A4CA00E9569D /* PBXTargetDependency */,
			);
			name = HabitPalsUITests;
			productName = HabitPalsUITests;
			productReference = 6E8B53192A62A4CA00E9569D /* HabitPalsUITests.xctest */;
			productType = "com.apple.product-type.bundle.ui-testing";
		};
/* End PBXNativeTarget section */

/* Begin PBXProject section */
		6E8B52F72A62A4C700E9569D /* Project object */ = {
			isa = PBXProject;
			attributes = {
				BuildIndependentTargetsInParallel = 1;
				LastSwiftUpdateCheck = 1500;
				LastUpgradeCheck = 1500;
				TargetAttributes = {
					6E8A27112A6FBC5700573A49 = {
						CreatedOnToolsVersion = 15.0;
					};
					6E8B52FE2A62A4C700E9569D = {
						CreatedOnToolsVersion = 15.0;
					};
					6E8B530E2A62A4CA00E9569D = {
						CreatedOnToolsVersion = 15.0;
						TestTargetID = 6E8B52FE2A62A4C700E9569D;
					};
					6E8B53182A62A4CA00E9569D = {
						CreatedOnToolsVersion = 15.0;
						TestTargetID = 6E8B52FE2A62A4C700E9569D;
					};
				};
			};
			buildConfigurationList = 6E8B52FA2A62A4C700E9569D /* Build configuration list for PBXProject "HabitPals" */;
			compatibilityVersion = "Xcode 14.0";
			developmentRegion = en;
			hasScannedForEncodings = 0;
			knownRegions = (
				en,
				Base,
			);
			mainGroup = 6E8B52F62A62A4C700E9569D;
			packageReferences = (
				6E8B53672A62A9BC00E9569D /* XCRemoteSwiftPackageReference "firebase-ios-sdk" */,
				6E8B536E2A62BD0400E9569D /* XCRemoteSwiftPackageReference "GoogleSignIn-iOS" */,
				6E6613B12A682ACA00D7D994 /* XCRemoteSwiftPackageReference "ConfettiSwiftUI" */,
			);
			productRefGroup = 6E8B53002A62A4C700E9569D /* Products */;
			projectDirPath = "";
			projectRoot = "";
			targets = (
				6E8B52FE2A62A4C700E9569D /* HabitPals */,
				6E8B530E2A62A4CA00E9569D /* HabitPalsTests */,
				6E8B53182A62A4CA00E9569D /* HabitPalsUITests */,
				6E8A27112A6FBC5700573A49 /* HabitPalsWidgetExtension */,
			);
		};
/* End PBXProject section */

/* Begin PBXResourcesBuildPhase section */
		6E8A27102A6FBC5700573A49 /* Resources */ = {
			isa = PBXResourcesBuildPhase;
			buildActionMask = 2147483647;
			files = (
				6E8A271D2A6FBC5900573A49 /* Assets.xcassets in Resources */,
				6E9D70E22A6FD5FD002ED92C /* Assets.xcassets in Resources */,
				6E8A27492A6FBE4B00573A49 /* GoogleService-Info.plist in Resources */,
			);
			runOnlyForDeploymentPostprocessing = 0;
		};
		6E8B52FD2A62A4C700E9569D /* Resources */ = {
			isa = PBXResourcesBuildPhase;
			buildActionMask = 2147483647;
			files = (
				6E8B530A2A62A4C900E9569D /* Preview Assets.xcassets in Resources */,
				6E8B53662A62A65000E9569D /* GoogleService-Info.plist in Resources */,
				6E8B53072A62A4C900E9569D /* Assets.xcassets in Resources */,
			);
			runOnlyForDeploymentPostprocessing = 0;
		};
		6E8B530D2A62A4CA00E9569D /* Resources */ = {
			isa = PBXResourcesBuildPhase;
			buildActionMask = 2147483647;
			files = (
			);
			runOnlyForDeploymentPostprocessing = 0;
		};
		6E8B53172A62A4CA00E9569D /* Resources */ = {
			isa = PBXResourcesBuildPhase;
			buildActionMask = 2147483647;
			files = (
			);
			runOnlyForDeploymentPostprocessing = 0;
		};
/* End PBXResourcesBuildPhase section */

/* Begin PBXSourcesBuildPhase section */
		6E8A270E2A6FBC5700573A49 /* Sources */ = {
			isa = PBXSourcesBuildPhase;
			buildActionMask = 2147483647;
			files = (
				6E8A276C2A6FC5E000573A49 /* SmallWidgetView.swift in Sources */,
				6E8A27192A6FBC5700573A49 /* HabitPalsDailyProgressWidget.swift in Sources */,
				6EAD69FE2A72565500E6E929 /* SingleHabitViewWidget.swift in Sources */,
				6EAD6A0D2A726C4000E6E929 /* MediumWidgetView.swift in Sources */,
				6E8A27532A6FBFA000573A49 /* HabitsListEntry.swift in Sources */,
				6E8A276A2A6FC5E000573A49 /* CompletedHabitsProgressCircleView.swift in Sources */,
				6E8A27512A6FBF6600573A49 /* DailyProgressHabitsProvider.swift in Sources */,
				6E9D70CE2A6FCE33002ED92C /* DbFriendList.swift in Sources */,
				6E8A27172A6FBC5700573A49 /* HabitPalsWidgetBundle.swift in Sources */,
				6E9D70DF2A6FD48E002ED92C /* WidgetDbUser.swift in Sources */,
				6E8A27692A6FC5E000573A49 /* WidgetViewModel.swift in Sources */,
				6E8A274E2A6FBF2A00573A49 /* +Color.swift in Sources */,
				6E8A274F2A6FBF3700573A49 /* DateUtils.swift in Sources */,
				6E8A27442A6FBE2200573A49 /* DailyProgressConfigurationAppIntent.swift in Sources */,
				6EAD6A072A72642200E6E929 /* SingleHabitEntry.swift in Sources */,
				6E8A27472A6FBE3C00573A49 /* Habit.swift in Sources */,
				6EAD6A0B2A726BF400E6E929 /* SingleHabitWidgetview.swift in Sources */,
				6EAD6A052A7262FD00E6E929 /* SingleHabitViewProvider.swift in Sources */,
				6E8A276B2A6FC5E000573A49 /* LargeWidgetView.swift in Sources */,
				6E8A27482A6FBE4500573A49 /* HabitRepository.swift in Sources */,
				6E9D70E62A704E6F002ED92C /* DbUser.swift in Sources */,
				6E8A27452A6FBE2200573A49 /* CompleteHabitIntent.swift in Sources */,
				6E9D70D02A6FCE43002ED92C /* +Sequence.swift in Sources */,
				6E8A27682A6FC5E000573A49 /* DailyProgressWidgetView.swift in Sources */,
				6EAD6A012A725E8800E6E929 /* SingleHabitConfigurationAppIntent.swift in Sources */,
			);
			runOnlyForDeploymentPostprocessing = 0;
		};
		6E8B52FB2A62A4C700E9569D /* Sources */ = {
			isa = PBXSourcesBuildPhase;
			buildActionMask = 2147483647;
			files = (
				6E8B53422A62A58F00E9569D /* AppDelegate.swift in Sources */,
				6E8B53382A62A55700E9569D /* FriendsListView.swift in Sources */,
				6E8875712A69A74900BE4A69 /* +Color.swift in Sources */,
				6E8B533C2A62A56300E9569D /* HabitsView.swift in Sources */,
				6E6613B52A683BDB00D7D994 /* FriendHabitsListView.swift in Sources */,
				6E8697352A67051500AFE09B /* NewFriendSearchView.swift in Sources */,
				6E88756F2A695EC000BE4A69 /* UserProfileView.swift in Sources */,
				6E8697302A652B8700AFE09B /* +Sequence.swift in Sources */,
				6E8B53632A62A5C400E9569D /* HabitEditView.swift in Sources */,
				6E8B53352A62A55000E9569D /* AccountView.swift in Sources */,
				6E3E1BDB2A63D3DC00D10C76 /* AuthenticationViewModel.swift in Sources */,
				6E8B533D2A62A56300E9569D /* HabitsViewModel.swift in Sources */,
				6E8B53742A62BDAA00E9569D /* RootView.swift in Sources */,
				6E8B53412A62A58F00E9569D /* +View.swift in Sources */,
				6E8B53602A62A5C400E9569D /* HabitListRow.swift in Sources */,
				6E3E1BD92A63D3A100D10C76 /* AuthenticationService.swift in Sources */,
				6E8697322A66DE3100AFE09B /* DbFriendList.swift in Sources */,
				6E6613B02A680F0900D7D994 /* HabitsCompletionStatusArc.swift in Sources */,
				6E9D70E32A6FF31D002ED92C /* WidgetDbUser.swift in Sources */,
				6E6613B72A683E7100D7D994 /* FriendHabitsListViewModel.swift in Sources */,
				6E6613A52A67117F00D7D994 /* UserSearchInfoRowView.swift in Sources */,
				6E3E1BDF2A63DB9500D10C76 /* SignInGoogleHelper.swift in Sources */,
				6E9D70E82A704F88002ED92C /* +DbUser.swift in Sources */,
				6E8B53302A62A52300E9569D /* HabitRepository.swift in Sources */,
				6E8B53342A62A55000E9569D /* AccountViewModel.swift in Sources */,
				6E6613AE2A680BDA00D7D994 /* Arc.swift in Sources */,
				6E8B535D2A62A5C400E9569D /* DateUtils.swift in Sources */,
				6E6613A72A671E7000D7D994 /* FriendHabitsInfoRowView.swift in Sources */,
				6E8B53612A62A5C400E9569D /* CustomTabBarView.swift in Sources */,
				6E8B534E2A62A59B00E9569D /* Symbols.swift in Sources */,
				6E9D70EC2A7050DA002ED92C /* AuthDataResultModel.swift in Sources */,
				6E8B535E2A62A5C400E9569D /* NewHabitSheet.swift in Sources */,
				6E8B53622A62A5C400E9569D /* MainTabGroupView.swift in Sources */,
				6E8B534D2A62A59B00E9569D /* DbUser.swift in Sources */,
				6E3E1BE12A6478CC00D10C76 /* FriendsListViewModel.swift in Sources */,
				6E8697372A67052900AFE09B /* NewFriendSearchViewModel.swift in Sources */,
				6E8B534F2A62A59B00E9569D /* Habit.swift in Sources */,
				6E8B535F2A62A5C400E9569D /* SymbolPicker.swift in Sources */,
				6E8B53032A62A4C700E9569D /* HabitPalsApp.swift in Sources */,
				6E8B532F2A62A52300E9569D /* UserRepository.swift in Sources */,
				6E3E1BD72A63D31400D10C76 /* AuthenticationView.swift in Sources */,
				6E3E1BE32A64796C00D10C76 /* FriendsRepository.swift in Sources */,
			);
			runOnlyForDeploymentPostprocessing = 0;
		};
		6E8B530B2A62A4CA00E9569D /* Sources */ = {
			isa = PBXSourcesBuildPhase;
			buildActionMask = 2147483647;
			files = (
				6E8B53142A62A4CA00E9569D /* HabitPalsTests.swift in Sources */,
			);
			runOnlyForDeploymentPostprocessing = 0;
		};
		6E8B53152A62A4CA00E9569D /* Sources */ = {
			isa = PBXSourcesBuildPhase;
			buildActionMask = 2147483647;
			files = (
				6E8B531E2A62A4CA00E9569D /* HabitPalsUITests.swift in Sources */,
				6E8B53202A62A4CA00E9569D /* HabitPalsUITestsLaunchTests.swift in Sources */,
			);
			runOnlyForDeploymentPostprocessing = 0;
		};
/* End PBXSourcesBuildPhase section */

/* Begin PBXTargetDependency section */
		6E8A27202A6FBC5900573A49 /* PBXTargetDependency */ = {
			isa = PBXTargetDependency;
			target = 6E8A27112A6FBC5700573A49 /* HabitPalsWidgetExtension */;
			targetProxy = 6E8A271F2A6FBC5900573A49 /* PBXContainerItemProxy */;
		};
		6E8B53112A62A4CA00E9569D /* PBXTargetDependency */ = {
			isa = PBXTargetDependency;
			target = 6E8B52FE2A62A4C700E9569D /* HabitPals */;
			targetProxy = 6E8B53102A62A4CA00E9569D /* PBXContainerItemProxy */;
		};
		6E8B531B2A62A4CA00E9569D /* PBXTargetDependency */ = {
			isa = PBXTargetDependency;
			target = 6E8B52FE2A62A4C700E9569D /* HabitPals */;
			targetProxy = 6E8B531A2A62A4CA00E9569D /* PBXContainerItemProxy */;
		};
/* End PBXTargetDependency section */

/* Begin XCBuildConfiguration section */
		6E8A27232A6FBC5900573A49 /* Debug */ = {
			isa = XCBuildConfiguration;
			buildSettings = {
				ASSETCATALOG_COMPILER_GLOBAL_ACCENT_COLOR_NAME = AccentColor;
				ASSETCATALOG_COMPILER_WIDGET_BACKGROUND_COLOR_NAME = WidgetBackground;
				CODE_SIGN_ENTITLEMENTS = HabitPalsWidgetExtension.entitlements;
				CODE_SIGN_STYLE = Automatic;
				CURRENT_PROJECT_VERSION = 1;
				DEVELOPMENT_TEAM = CW3HC33B6M;
				GENERATE_INFOPLIST_FILE = YES;
				INFOPLIST_FILE = HabitPalsWidget/Info.plist;
				INFOPLIST_KEY_CFBundleDisplayName = HabitPalsWidget;
				INFOPLIST_KEY_NSHumanReadableCopyright = "";
				IPHONEOS_DEPLOYMENT_TARGET = 17.0;
				LD_RUNPATH_SEARCH_PATHS = (
					"$(inherited)",
					"@executable_path/Frameworks",
					"@executable_path/../../Frameworks",
				);
				MARKETING_VERSION = 1.0;
				PRODUCT_BUNDLE_IDENTIFIER = com.ionutgrosu.HabitPals.HabitPalsWidget;
				PRODUCT_NAME = "$(TARGET_NAME)";
				SKIP_INSTALL = YES;
				SWIFT_EMIT_LOC_STRINGS = YES;
				SWIFT_VERSION = 5.0;
				TARGETED_DEVICE_FAMILY = "1,2";
			};
			name = Debug;
		};
		6E8A27242A6FBC5900573A49 /* Release */ = {
			isa = XCBuildConfiguration;
			buildSettings = {
				ASSETCATALOG_COMPILER_GLOBAL_ACCENT_COLOR_NAME = AccentColor;
				ASSETCATALOG_COMPILER_WIDGET_BACKGROUND_COLOR_NAME = WidgetBackground;
				CODE_SIGN_ENTITLEMENTS = HabitPalsWidgetExtension.entitlements;
				CODE_SIGN_STYLE = Automatic;
				CURRENT_PROJECT_VERSION = 1;
				DEVELOPMENT_TEAM = CW3HC33B6M;
				GENERATE_INFOPLIST_FILE = YES;
				INFOPLIST_FILE = HabitPalsWidget/Info.plist;
				INFOPLIST_KEY_CFBundleDisplayName = HabitPalsWidget;
				INFOPLIST_KEY_NSHumanReadableCopyright = "";
				IPHONEOS_DEPLOYMENT_TARGET = 17.0;
				LD_RUNPATH_SEARCH_PATHS = (
					"$(inherited)",
					"@executable_path/Frameworks",
					"@executable_path/../../Frameworks",
				);
				MARKETING_VERSION = 1.0;
				PRODUCT_BUNDLE_IDENTIFIER = com.ionutgrosu.HabitPals.HabitPalsWidget;
				PRODUCT_NAME = "$(TARGET_NAME)";
				SKIP_INSTALL = YES;
				SWIFT_EMIT_LOC_STRINGS = YES;
				SWIFT_VERSION = 5.0;
				TARGETED_DEVICE_FAMILY = "1,2";
			};
			name = Release;
		};
		6E8B53212A62A4CA00E9569D /* Debug */ = {
			isa = XCBuildConfiguration;
			buildSettings = {
				ALWAYS_SEARCH_USER_PATHS = NO;
				ASSETCATALOG_COMPILER_GENERATE_SWIFT_ASSET_SYMBOL_EXTENSIONS = YES;
				CLANG_ANALYZER_NONNULL = YES;
				CLANG_ANALYZER_NUMBER_OBJECT_CONVERSION = YES_AGGRESSIVE;
				CLANG_CXX_LANGUAGE_STANDARD = "gnu++20";
				CLANG_ENABLE_MODULES = YES;
				CLANG_ENABLE_OBJC_ARC = YES;
				CLANG_ENABLE_OBJC_WEAK = YES;
				CLANG_WARN_BLOCK_CAPTURE_AUTORELEASING = YES;
				CLANG_WARN_BOOL_CONVERSION = YES;
				CLANG_WARN_COMMA = YES;
				CLANG_WARN_CONSTANT_CONVERSION = YES;
				CLANG_WARN_DEPRECATED_OBJC_IMPLEMENTATIONS = YES;
				CLANG_WARN_DIRECT_OBJC_ISA_USAGE = YES_ERROR;
				CLANG_WARN_DOCUMENTATION_COMMENTS = YES;
				CLANG_WARN_EMPTY_BODY = YES;
				CLANG_WARN_ENUM_CONVERSION = YES;
				CLANG_WARN_INFINITE_RECURSION = YES;
				CLANG_WARN_INT_CONVERSION = YES;
				CLANG_WARN_NON_LITERAL_NULL_CONVERSION = YES;
				CLANG_WARN_OBJC_IMPLICIT_RETAIN_SELF = YES;
				CLANG_WARN_OBJC_LITERAL_CONVERSION = YES;
				CLANG_WARN_OBJC_ROOT_CLASS = YES_ERROR;
				CLANG_WARN_QUOTED_INCLUDE_IN_FRAMEWORK_HEADER = YES;
				CLANG_WARN_RANGE_LOOP_ANALYSIS = YES;
				CLANG_WARN_STRICT_PROTOTYPES = YES;
				CLANG_WARN_SUSPICIOUS_MOVE = YES;
				CLANG_WARN_UNGUARDED_AVAILABILITY = YES_AGGRESSIVE;
				CLANG_WARN_UNREACHABLE_CODE = YES;
				CLANG_WARN__DUPLICATE_METHOD_MATCH = YES;
				COPY_PHASE_STRIP = NO;
				DEBUG_INFORMATION_FORMAT = dwarf;
				ENABLE_STRICT_OBJC_MSGSEND = YES;
				ENABLE_TESTABILITY = YES;
				ENABLE_USER_SCRIPT_SANDBOXING = YES;
				GCC_C_LANGUAGE_STANDARD = gnu17;
				GCC_DYNAMIC_NO_PIC = NO;
				GCC_NO_COMMON_BLOCKS = YES;
				GCC_OPTIMIZATION_LEVEL = 0;
				GCC_PREPROCESSOR_DEFINITIONS = (
					"DEBUG=1",
					"$(inherited)",
				);
				GCC_WARN_64_TO_32_BIT_CONVERSION = YES;
				GCC_WARN_ABOUT_RETURN_TYPE = YES_ERROR;
				GCC_WARN_UNDECLARED_SELECTOR = YES;
				GCC_WARN_UNINITIALIZED_AUTOS = YES_AGGRESSIVE;
				GCC_WARN_UNUSED_FUNCTION = YES;
				GCC_WARN_UNUSED_VARIABLE = YES;
				IPHONEOS_DEPLOYMENT_TARGET = 16.4;
				LOCALIZATION_PREFERS_STRING_CATALOGS = YES;
				MTL_ENABLE_DEBUG_INFO = INCLUDE_SOURCE;
				MTL_FAST_MATH = YES;
				ONLY_ACTIVE_ARCH = YES;
				SDKROOT = iphoneos;
				SWIFT_ACTIVE_COMPILATION_CONDITIONS = "DEBUG $(inherited)";
				SWIFT_OPTIMIZATION_LEVEL = "-Onone";
			};
			name = Debug;
		};
		6E8B53222A62A4CA00E9569D /* Release */ = {
			isa = XCBuildConfiguration;
			buildSettings = {
				ALWAYS_SEARCH_USER_PATHS = NO;
				ASSETCATALOG_COMPILER_GENERATE_SWIFT_ASSET_SYMBOL_EXTENSIONS = YES;
				CLANG_ANALYZER_NONNULL = YES;
				CLANG_ANALYZER_NUMBER_OBJECT_CONVERSION = YES_AGGRESSIVE;
				CLANG_CXX_LANGUAGE_STANDARD = "gnu++20";
				CLANG_ENABLE_MODULES = YES;
				CLANG_ENABLE_OBJC_ARC = YES;
				CLANG_ENABLE_OBJC_WEAK = YES;
				CLANG_WARN_BLOCK_CAPTURE_AUTORELEASING = YES;
				CLANG_WARN_BOOL_CONVERSION = YES;
				CLANG_WARN_COMMA = YES;
				CLANG_WARN_CONSTANT_CONVERSION = YES;
				CLANG_WARN_DEPRECATED_OBJC_IMPLEMENTATIONS = YES;
				CLANG_WARN_DIRECT_OBJC_ISA_USAGE = YES_ERROR;
				CLANG_WARN_DOCUMENTATION_COMMENTS = YES;
				CLANG_WARN_EMPTY_BODY = YES;
				CLANG_WARN_ENUM_CONVERSION = YES;
				CLANG_WARN_INFINITE_RECURSION = YES;
				CLANG_WARN_INT_CONVERSION = YES;
				CLANG_WARN_NON_LITERAL_NULL_CONVERSION = YES;
				CLANG_WARN_OBJC_IMPLICIT_RETAIN_SELF = YES;
				CLANG_WARN_OBJC_LITERAL_CONVERSION = YES;
				CLANG_WARN_OBJC_ROOT_CLASS = YES_ERROR;
				CLANG_WARN_QUOTED_INCLUDE_IN_FRAMEWORK_HEADER = YES;
				CLANG_WARN_RANGE_LOOP_ANALYSIS = YES;
				CLANG_WARN_STRICT_PROTOTYPES = YES;
				CLANG_WARN_SUSPICIOUS_MOVE = YES;
				CLANG_WARN_UNGUARDED_AVAILABILITY = YES_AGGRESSIVE;
				CLANG_WARN_UNREACHABLE_CODE = YES;
				CLANG_WARN__DUPLICATE_METHOD_MATCH = YES;
				COPY_PHASE_STRIP = NO;
				DEBUG_INFORMATION_FORMAT = "dwarf-with-dsym";
				ENABLE_NS_ASSERTIONS = NO;
				ENABLE_STRICT_OBJC_MSGSEND = YES;
				ENABLE_USER_SCRIPT_SANDBOXING = YES;
				GCC_C_LANGUAGE_STANDARD = gnu17;
				GCC_NO_COMMON_BLOCKS = YES;
				GCC_WARN_64_TO_32_BIT_CONVERSION = YES;
				GCC_WARN_ABOUT_RETURN_TYPE = YES_ERROR;
				GCC_WARN_UNDECLARED_SELECTOR = YES;
				GCC_WARN_UNINITIALIZED_AUTOS = YES_AGGRESSIVE;
				GCC_WARN_UNUSED_FUNCTION = YES;
				GCC_WARN_UNUSED_VARIABLE = YES;
				IPHONEOS_DEPLOYMENT_TARGET = 16.4;
				LOCALIZATION_PREFERS_STRING_CATALOGS = YES;
				MTL_ENABLE_DEBUG_INFO = NO;
				MTL_FAST_MATH = YES;
				SDKROOT = iphoneos;
				SWIFT_COMPILATION_MODE = wholemodule;
				VALIDATE_PRODUCT = YES;
			};
			name = Release;
		};
		6E8B53242A62A4CA00E9569D /* Debug */ = {
			isa = XCBuildConfiguration;
			buildSettings = {
				ALWAYS_EMBED_SWIFT_STANDARD_LIBRARIES = YES;
				ASSETCATALOG_COMPILER_APPICON_NAME = AppIcon;
				ASSETCATALOG_COMPILER_GLOBAL_ACCENT_COLOR_NAME = AccentColor;
				CODE_SIGN_ENTITLEMENTS = HabitPals/HabitPals.entitlements;
				CODE_SIGN_STYLE = Automatic;
				CURRENT_PROJECT_VERSION = 1;
				DEVELOPMENT_ASSET_PATHS = "\"HabitPals/Preview Content\"";
				DEVELOPMENT_TEAM = CW3HC33B6M;
				ENABLE_PREVIEWS = YES;
				GENERATE_INFOPLIST_FILE = YES;
				INFOPLIST_FILE = HabitPals/Info.plist;
				INFOPLIST_KEY_UIApplicationSceneManifest_Generation = YES;
				INFOPLIST_KEY_UIApplicationSupportsIndirectInputEvents = YES;
				INFOPLIST_KEY_UILaunchScreen_Generation = YES;
				INFOPLIST_KEY_UISupportedInterfaceOrientations_iPad = "UIInterfaceOrientationPortrait UIInterfaceOrientationPortraitUpsideDown UIInterfaceOrientationLandscapeLeft UIInterfaceOrientationLandscapeRight";
				INFOPLIST_KEY_UISupportedInterfaceOrientations_iPhone = "UIInterfaceOrientationPortrait UIInterfaceOrientationLandscapeLeft UIInterfaceOrientationLandscapeRight";
				IPHONEOS_DEPLOYMENT_TARGET = 17.0;
				LD_RUNPATH_SEARCH_PATHS = (
					"$(inherited)",
					"@executable_path/Frameworks",
				);
				MARKETING_VERSION = 1.0;
				PRODUCT_BUNDLE_IDENTIFIER = com.ionutgrosu.HabitPals;
				PRODUCT_NAME = "$(TARGET_NAME)";
				SUPPORTED_PLATFORMS = "iphoneos iphonesimulator";
				SUPPORTS_MACCATALYST = NO;
				SUPPORTS_MAC_DESIGNED_FOR_IPHONE_IPAD = NO;
				SUPPORTS_XR_DESIGNED_FOR_IPHONE_IPAD = NO;
				SWIFT_EMIT_LOC_STRINGS = YES;
				SWIFT_VERSION = 5.0;
				TARGETED_DEVICE_FAMILY = 1;
			};
			name = Debug;
		};
		6E8B53252A62A4CA00E9569D /* Release */ = {
			isa = XCBuildConfiguration;
			buildSettings = {
				ALWAYS_EMBED_SWIFT_STANDARD_LIBRARIES = YES;
				ASSETCATALOG_COMPILER_APPICON_NAME = AppIcon;
				ASSETCATALOG_COMPILER_GLOBAL_ACCENT_COLOR_NAME = AccentColor;
				CODE_SIGN_ENTITLEMENTS = HabitPals/HabitPals.entitlements;
				CODE_SIGN_STYLE = Automatic;
				CURRENT_PROJECT_VERSION = 1;
				DEVELOPMENT_ASSET_PATHS = "\"HabitPals/Preview Content\"";
				DEVELOPMENT_TEAM = CW3HC33B6M;
				ENABLE_PREVIEWS = YES;
				GENERATE_INFOPLIST_FILE = YES;
				INFOPLIST_FILE = HabitPals/Info.plist;
				INFOPLIST_KEY_UIApplicationSceneManifest_Generation = YES;
				INFOPLIST_KEY_UIApplicationSupportsIndirectInputEvents = YES;
				INFOPLIST_KEY_UILaunchScreen_Generation = YES;
				INFOPLIST_KEY_UISupportedInterfaceOrientations_iPad = "UIInterfaceOrientationPortrait UIInterfaceOrientationPortraitUpsideDown UIInterfaceOrientationLandscapeLeft UIInterfaceOrientationLandscapeRight";
				INFOPLIST_KEY_UISupportedInterfaceOrientations_iPhone = "UIInterfaceOrientationPortrait UIInterfaceOrientationLandscapeLeft UIInterfaceOrientationLandscapeRight";
				IPHONEOS_DEPLOYMENT_TARGET = 17.0;
				LD_RUNPATH_SEARCH_PATHS = (
					"$(inherited)",
					"@executable_path/Frameworks",
				);
				MARKETING_VERSION = 1.0;
				PRODUCT_BUNDLE_IDENTIFIER = com.ionutgrosu.HabitPals;
				PRODUCT_NAME = "$(TARGET_NAME)";
				SUPPORTED_PLATFORMS = "iphoneos iphonesimulator";
				SUPPORTS_MACCATALYST = NO;
				SUPPORTS_MAC_DESIGNED_FOR_IPHONE_IPAD = NO;
				SUPPORTS_XR_DESIGNED_FOR_IPHONE_IPAD = NO;
				SWIFT_EMIT_LOC_STRINGS = YES;
				SWIFT_VERSION = 5.0;
				TARGETED_DEVICE_FAMILY = 1;
			};
			name = Release;
		};
		6E8B53272A62A4CA00E9569D /* Debug */ = {
			isa = XCBuildConfiguration;
			buildSettings = {
				ALWAYS_EMBED_SWIFT_STANDARD_LIBRARIES = YES;
				BUNDLE_LOADER = "$(TEST_HOST)";
				CODE_SIGN_STYLE = Automatic;
				CURRENT_PROJECT_VERSION = 1;
				DEVELOPMENT_TEAM = CW3HC33B6M;
				GENERATE_INFOPLIST_FILE = YES;
				IPHONEOS_DEPLOYMENT_TARGET = 17.0;
				MARKETING_VERSION = 1.0;
				PRODUCT_BUNDLE_IDENTIFIER = com.ionutgrosu.HabitPalsTests;
				PRODUCT_NAME = "$(TARGET_NAME)";
				SWIFT_EMIT_LOC_STRINGS = NO;
				SWIFT_VERSION = 5.0;
				TARGETED_DEVICE_FAMILY = "1,2";
				TEST_HOST = "$(BUILT_PRODUCTS_DIR)/HabitPals.app/$(BUNDLE_EXECUTABLE_FOLDER_PATH)/HabitPals";
			};
			name = Debug;
		};
		6E8B53282A62A4CA00E9569D /* Release */ = {
			isa = XCBuildConfiguration;
			buildSettings = {
				ALWAYS_EMBED_SWIFT_STANDARD_LIBRARIES = YES;
				BUNDLE_LOADER = "$(TEST_HOST)";
				CODE_SIGN_STYLE = Automatic;
				CURRENT_PROJECT_VERSION = 1;
				DEVELOPMENT_TEAM = CW3HC33B6M;
				GENERATE_INFOPLIST_FILE = YES;
				IPHONEOS_DEPLOYMENT_TARGET = 17.0;
				MARKETING_VERSION = 1.0;
				PRODUCT_BUNDLE_IDENTIFIER = com.ionutgrosu.HabitPalsTests;
				PRODUCT_NAME = "$(TARGET_NAME)";
				SWIFT_EMIT_LOC_STRINGS = NO;
				SWIFT_VERSION = 5.0;
				TARGETED_DEVICE_FAMILY = "1,2";
				TEST_HOST = "$(BUILT_PRODUCTS_DIR)/HabitPals.app/$(BUNDLE_EXECUTABLE_FOLDER_PATH)/HabitPals";
			};
			name = Release;
		};
		6E8B532A2A62A4CA00E9569D /* Debug */ = {
			isa = XCBuildConfiguration;
			buildSettings = {
				ALWAYS_EMBED_SWIFT_STANDARD_LIBRARIES = YES;
				CODE_SIGN_STYLE = Automatic;
				CURRENT_PROJECT_VERSION = 1;
				DEVELOPMENT_TEAM = CW3HC33B6M;
				GENERATE_INFOPLIST_FILE = YES;
				MARKETING_VERSION = 1.0;
				PRODUCT_BUNDLE_IDENTIFIER = com.ionutgrosu.HabitPalsUITests;
				PRODUCT_NAME = "$(TARGET_NAME)";
				SWIFT_EMIT_LOC_STRINGS = NO;
				SWIFT_VERSION = 5.0;
				TARGETED_DEVICE_FAMILY = "1,2";
				TEST_TARGET_NAME = HabitPals;
			};
			name = Debug;
		};
		6E8B532B2A62A4CA00E9569D /* Release */ = {
			isa = XCBuildConfiguration;
			buildSettings = {
				ALWAYS_EMBED_SWIFT_STANDARD_LIBRARIES = YES;
				CODE_SIGN_STYLE = Automatic;
				CURRENT_PROJECT_VERSION = 1;
				DEVELOPMENT_TEAM = CW3HC33B6M;
				GENERATE_INFOPLIST_FILE = YES;
				MARKETING_VERSION = 1.0;
				PRODUCT_BUNDLE_IDENTIFIER = com.ionutgrosu.HabitPalsUITests;
				PRODUCT_NAME = "$(TARGET_NAME)";
				SWIFT_EMIT_LOC_STRINGS = NO;
				SWIFT_VERSION = 5.0;
				TARGETED_DEVICE_FAMILY = "1,2";
				TEST_TARGET_NAME = HabitPals;
			};
			name = Release;
		};
/* End XCBuildConfiguration section */

/* Begin XCConfigurationList section */
		6E8A27222A6FBC5900573A49 /* Build configuration list for PBXNativeTarget "HabitPalsWidgetExtension" */ = {
			isa = XCConfigurationList;
			buildConfigurations = (
				6E8A27232A6FBC5900573A49 /* Debug */,
				6E8A27242A6FBC5900573A49 /* Release */,
			);
			defaultConfigurationIsVisible = 0;
			defaultConfigurationName = Release;
		};
		6E8B52FA2A62A4C700E9569D /* Build configuration list for PBXProject "HabitPals" */ = {
			isa = XCConfigurationList;
			buildConfigurations = (
				6E8B53212A62A4CA00E9569D /* Debug */,
				6E8B53222A62A4CA00E9569D /* Release */,
			);
			defaultConfigurationIsVisible = 0;
			defaultConfigurationName = Release;
		};
		6E8B53232A62A4CA00E9569D /* Build configuration list for PBXNativeTarget "HabitPals" */ = {
			isa = XCConfigurationList;
			buildConfigurations = (
				6E8B53242A62A4CA00E9569D /* Debug */,
				6E8B53252A62A4CA00E9569D /* Release */,
			);
			defaultConfigurationIsVisible = 0;
			defaultConfigurationName = Release;
		};
		6E8B53262A62A4CA00E9569D /* Build configuration list for PBXNativeTarget "HabitPalsTests" */ = {
			isa = XCConfigurationList;
			buildConfigurations = (
				6E8B53272A62A4CA00E9569D /* Debug */,
				6E8B53282A62A4CA00E9569D /* Release */,
			);
			defaultConfigurationIsVisible = 0;
			defaultConfigurationName = Release;
		};
		6E8B53292A62A4CA00E9569D /* Build configuration list for PBXNativeTarget "HabitPalsUITests" */ = {
			isa = XCConfigurationList;
			buildConfigurations = (
				6E8B532A2A62A4CA00E9569D /* Debug */,
				6E8B532B2A62A4CA00E9569D /* Release */,
			);
			defaultConfigurationIsVisible = 0;
			defaultConfigurationName = Release;
		};
/* End XCConfigurationList section */

/* Begin XCRemoteSwiftPackageReference section */
		6E6613B12A682ACA00D7D994 /* XCRemoteSwiftPackageReference "ConfettiSwiftUI" */ = {
			isa = XCRemoteSwiftPackageReference;
			repositoryURL = "https://github.com/simibac/ConfettiSwiftUI.git";
			requirement = {
				kind = upToNextMajorVersion;
				minimumVersion = 1.1.0;
			};
		};
		6E8B53672A62A9BC00E9569D /* XCRemoteSwiftPackageReference "firebase-ios-sdk" */ = {
			isa = XCRemoteSwiftPackageReference;
			repositoryURL = "https://github.com/firebase/firebase-ios-sdk";
			requirement = {
				kind = upToNextMajorVersion;
				minimumVersion = 10.12.0;
			};
		};
		6E8B536E2A62BD0400E9569D /* XCRemoteSwiftPackageReference "GoogleSignIn-iOS" */ = {
			isa = XCRemoteSwiftPackageReference;
			repositoryURL = "https://github.com/google/GoogleSignIn-iOS";
			requirement = {
				kind = upToNextMajorVersion;
				minimumVersion = 7.0.0;
			};
		};
/* End XCRemoteSwiftPackageReference section */

/* Begin XCSwiftPackageProductDependency section */
		6E6613B22A682ACA00D7D994 /* ConfettiSwiftUI */ = {
			isa = XCSwiftPackageProductDependency;
			package = 6E6613B12A682ACA00D7D994 /* XCRemoteSwiftPackageReference "ConfettiSwiftUI" */;
			productName = ConfettiSwiftUI;
		};
		6E8A274A2A6FBEED00573A49 /* FirebaseFirestore */ = {
			isa = XCSwiftPackageProductDependency;
			package = 6E8B53672A62A9BC00E9569D /* XCRemoteSwiftPackageReference "firebase-ios-sdk" */;
			productName = FirebaseFirestore;
		};
		6E8A274C2A6FBEED00573A49 /* FirebaseFirestoreSwift */ = {
			isa = XCSwiftPackageProductDependency;
			package = 6E8B53672A62A9BC00E9569D /* XCRemoteSwiftPackageReference "firebase-ios-sdk" */;
			productName = FirebaseFirestoreSwift;
		};
		6E8B53682A62A9BC00E9569D /* FirebaseAuth */ = {
			isa = XCSwiftPackageProductDependency;
			package = 6E8B53672A62A9BC00E9569D /* XCRemoteSwiftPackageReference "firebase-ios-sdk" */;
			productName = FirebaseAuth;
		};
		6E8B536A2A62A9BC00E9569D /* FirebaseFirestore */ = {
			isa = XCSwiftPackageProductDependency;
			package = 6E8B53672A62A9BC00E9569D /* XCRemoteSwiftPackageReference "firebase-ios-sdk" */;
			productName = FirebaseFirestore;
		};
		6E8B536C2A62A9BC00E9569D /* FirebaseFirestoreSwift */ = {
			isa = XCSwiftPackageProductDependency;
			package = 6E8B53672A62A9BC00E9569D /* XCRemoteSwiftPackageReference "firebase-ios-sdk" */;
			productName = FirebaseFirestoreSwift;
		};
		6E8B536F2A62BD0400E9569D /* GoogleSignIn */ = {
			isa = XCSwiftPackageProductDependency;
			package = 6E8B536E2A62BD0400E9569D /* XCRemoteSwiftPackageReference "GoogleSignIn-iOS" */;
			productName = GoogleSignIn;
		};
		6E8B53712A62BD0400E9569D /* GoogleSignInSwift */ = {
			isa = XCSwiftPackageProductDependency;
			package = 6E8B536E2A62BD0400E9569D /* XCRemoteSwiftPackageReference "GoogleSignIn-iOS" */;
			productName = GoogleSignInSwift;
		};
		6E9D70ED2A705108002ED92C /* FirebaseAuth */ = {
			isa = XCSwiftPackageProductDependency;
			package = 6E8B53672A62A9BC00E9569D /* XCRemoteSwiftPackageReference "firebase-ios-sdk" */;
			productName = FirebaseAuth;
		};
/* End XCSwiftPackageProductDependency section */
	};
	rootObject = 6E8B52F72A62A4C700E9569D /* Project object */;
}
